
Microsoft Visual Studio Solution File, Format Version 12.00
# Visual Studio Version 16
VisualStudioVersion = 16.0.30907.101
MinimumVisualStudioVersion = 10.0.40219.1
Project("{FAE04EC0-301F-11D3-BF4B-00C04F79EFBC}") = "MvcMovie", "MvcMovie\MvcMovie.csproj", "{5AA4AF14-F8E4-485D-9D95-BA93AA397786}"
EndProject
Global
	GlobalSection(SolutionConfigurationPlatforms) = preSolution
		Debug|Any CPU = Debug|Any CPU
		Release|Any CPU = Release|Any CPU
	EndGlobalSection
	GlobalSection(ProjectConfigurationPlatforms) = postSolution
		{5AA4AF14-F8E4-485D-9D95-BA93AA397786}.Debug|Any CPU.ActiveCfg = Debug|Any CPU
		{5AA4AF14-F8E4-485D-9D95-BA93AA397786}.Debug|Any CPU.Build.0 = Debug|Any CPU
		{5AA4AF14-F8E4-485D-9D95-BA93AA397786}.Release|Any CPU.ActiveCfg = Release|Any CPU
		{5AA4AF14-F8E4-485D-9D95-BA93AA397786}.Release|Any CPU.Build.0 = Release|Any CPU
	EndGlobalSection
	GlobalSection(SolutionProperties) = preSolution
		HideSolutionNode = FALSE
	EndGlobalSection
	GlobalSection(ExtensibilityGlobals) = postSolution
		SolutionGuid = {E3377439-81D4-40C1-80D0-F6E9882590AB}
	EndGlobalSection
EndGlobal
